<?xml version="1.0" encoding="UTF-8" standalone="yes" ?>
<CodeBlocks_project_file>
   <FileVersion major="1" minor="6" />
   <Project>
      <Option title="Poles" />
      <Option makefile_is_custom="1" />
      <Option compiler="gcc" />
      <Option virtualFolders="CMake Files\;" />
      <Build>
      <Target title="all">
         <Option working_dir="/home/ladis/Projects/Poles" />
         <Option type="4" />
         <MakeCommands>
            <Build command="/usr/bin/make -f &quot;/home/ladis/Projects/Poles/Makefile&quot;  VERBOSE=1 all" />
            <CompileFile command="/usr/bin/make -f &quot;/home/ladis/Projects/Poles/Makefile&quot;  VERBOSE=1 &quot;$file&quot;" />
            <Clean command="/usr/bin/make -f &quot;/home/ladis/Projects/Poles/Makefile&quot;  VERBOSE=1 clean" />
            <DistClean command="/usr/bin/make -f &quot;/home/ladis/Projects/Poles/Makefile&quot;  VERBOSE=1 clean" />
         </MakeCommands>
      </Target>
      <Target title="Poles">
         <Option output="/home/ladis/Projects/Poles/bin/Poles" prefix_auto="0" extension_auto="0" />
         <Option working_dir="/home/ladis/Projects/Poles/bin" />
         <Option object_output="./" />
         <Option type="1" />
         <Option compiler="gcc" />
         <Compiler>
            <Add directory="/home/ladis/Projects/Poles/src" />
            <Add directory="/home/ladis/Projects/Poles/src/core" />
            <Add directory="/home/ladis/Projects/Poles/src/core/component" />
            <Add directory="/home/ladis/Projects/Poles/src/core/systems" />
            <Add directory="/home/ladis/Projects/Poles/src/game" />
            <Add directory="/home/ladis/Projects/Poles/src/game/states" />
            <Add directory="/usr/local/include" />
         </Compiler>
         <MakeCommands>
            <Build command="/usr/bin/make -f &quot;/home/ladis/Projects/Poles/Makefile&quot;  VERBOSE=1 Poles" />
            <CompileFile command="/usr/bin/make -f &quot;/home/ladis/Projects/Poles/Makefile&quot;  VERBOSE=1 &quot;$file&quot;" />
            <Clean command="/usr/bin/make -f &quot;/home/ladis/Projects/Poles/Makefile&quot;  VERBOSE=1 clean" />
            <DistClean command="/usr/bin/make -f &quot;/home/ladis/Projects/Poles/Makefile&quot;  VERBOSE=1 clean" />
         </MakeCommands>
      </Target>
      <Target title="Poles/fast">
         <Option output="/home/ladis/Projects/Poles/bin/Poles" prefix_auto="0" extension_auto="0" />
         <Option working_dir="/home/ladis/Projects/Poles/bin" />
         <Option object_output="./" />
         <Option type="1" />
         <Option compiler="gcc" />
         <Compiler>
            <Add directory="/home/ladis/Projects/Poles/src" />
            <Add directory="/home/ladis/Projects/Poles/src/core" />
            <Add directory="/home/ladis/Projects/Poles/src/core/component" />
            <Add directory="/home/ladis/Projects/Poles/src/core/systems" />
            <Add directory="/home/ladis/Projects/Poles/src/game" />
            <Add directory="/home/ladis/Projects/Poles/src/game/states" />
            <Add directory="/usr/local/include" />
         </Compiler>
         <MakeCommands>
            <Build command="/usr/bin/make -f &quot;/home/ladis/Projects/Poles/Makefile&quot;  VERBOSE=1 Poles/fast" />
            <CompileFile command="/usr/bin/make -f &quot;/home/ladis/Projects/Poles/Makefile&quot;  VERBOSE=1 &quot;$file&quot;" />
            <Clean command="/usr/bin/make -f &quot;/home/ladis/Projects/Poles/Makefile&quot;  VERBOSE=1 clean" />
            <DistClean command="/usr/bin/make -f &quot;/home/ladis/Projects/Poles/Makefile&quot;  VERBOSE=1 clean" />
         </MakeCommands>
      </Target>
      <Target title="PolesEngine">
         <Option output="/home/ladis/Projects/Poles/lib/libPolesEngine.a" prefix_auto="0" extension_auto="0" />
         <Option working_dir="/home/ladis/Projects/Poles" />
         <Option object_output="./" />
         <Option type="2" />
         <Option compiler="gcc" />
         <Compiler>
            <Add directory="/home/ladis/Projects/Poles/src" />
            <Add directory="/home/ladis/Projects/Poles/src/core" />
            <Add directory="/home/ladis/Projects/Poles/src/core/component" />
            <Add directory="/home/ladis/Projects/Poles/src/core/systems" />
            <Add directory="/home/ladis/Projects/Poles/src/game" />
            <Add directory="/home/ladis/Projects/Poles/src/game/states" />
            <Add directory="/usr/local/include" />
         </Compiler>
         <MakeCommands>
            <Build command="/usr/bin/make -f &quot;/home/ladis/Projects/Poles/Makefile&quot;  VERBOSE=1 PolesEngine" />
            <CompileFile command="/usr/bin/make -f &quot;/home/ladis/Projects/Poles/Makefile&quot;  VERBOSE=1 &quot;$file&quot;" />
            <Clean command="/usr/bin/make -f &quot;/home/ladis/Projects/Poles/Makefile&quot;  VERBOSE=1 clean" />
            <DistClean command="/usr/bin/make -f &quot;/home/ladis/Projects/Poles/Makefile&quot;  VERBOSE=1 clean" />
         </MakeCommands>
      </Target>
      <Target title="PolesEngine/fast">
         <Option output="/home/ladis/Projects/Poles/lib/libPolesEngine.a" prefix_auto="0" extension_auto="0" />
         <Option working_dir="/home/ladis/Projects/Poles" />
         <Option object_output="./" />
         <Option type="2" />
         <Option compiler="gcc" />
         <Compiler>
            <Add directory="/home/ladis/Projects/Poles/src" />
            <Add directory="/home/ladis/Projects/Poles/src/core" />
            <Add directory="/home/ladis/Projects/Poles/src/core/component" />
            <Add directory="/home/ladis/Projects/Poles/src/core/systems" />
            <Add directory="/home/ladis/Projects/Poles/src/game" />
            <Add directory="/home/ladis/Projects/Poles/src/game/states" />
            <Add directory="/usr/local/include" />
         </Compiler>
         <MakeCommands>
            <Build command="/usr/bin/make -f &quot;/home/ladis/Projects/Poles/Makefile&quot;  VERBOSE=1 PolesEngine/fast" />
            <CompileFile command="/usr/bin/make -f &quot;/home/ladis/Projects/Poles/Makefile&quot;  VERBOSE=1 &quot;$file&quot;" />
            <Clean command="/usr/bin/make -f &quot;/home/ladis/Projects/Poles/Makefile&quot;  VERBOSE=1 clean" />
            <DistClean command="/usr/bin/make -f &quot;/home/ladis/Projects/Poles/Makefile&quot;  VERBOSE=1 clean" />
         </MakeCommands>
      </Target>
      <Target title="rebuild_cache">
         <Option working_dir="/home/ladis/Projects/Poles" />
         <Option type="4" />
         <MakeCommands>
            <Build command="/usr/bin/make -f &quot;/home/ladis/Projects/Poles/Makefile&quot;  VERBOSE=1 rebuild_cache" />
            <CompileFile command="/usr/bin/make -f &quot;/home/ladis/Projects/Poles/Makefile&quot;  VERBOSE=1 &quot;$file&quot;" />
            <Clean command="/usr/bin/make -f &quot;/home/ladis/Projects/Poles/Makefile&quot;  VERBOSE=1 clean" />
            <DistClean command="/usr/bin/make -f &quot;/home/ladis/Projects/Poles/Makefile&quot;  VERBOSE=1 clean" />
         </MakeCommands>
      </Target>
      </Build>
      <Unit filename="/home/ladis/Projects/Poles/src/core/CollisionBox.cpp">
      </Unit>
      <Unit filename="/home/ladis/Projects/Poles/src/core/Color.cpp">
      </Unit>
      <Unit filename="/home/ladis/Projects/Poles/src/core/GameObject.cpp">
      </Unit>
      <Unit filename="/home/ladis/Projects/Poles/src/core/ResourceManager.cpp">
      </Unit>
      <Unit filename="/home/ladis/Projects/Poles/src/core/SpriteAnimation.cpp">
      </Unit>
      <Unit filename="/home/ladis/Projects/Poles/src/core/SpriteSheet.cpp">
      </Unit>
      <Unit filename="/home/ladis/Projects/Poles/src/core/Vector2D.cpp">
      </Unit>
      <Unit filename="/home/ladis/Projects/Poles/src/core/components/Camera.cpp">
      </Unit>
      <Unit filename="/home/ladis/Projects/Poles/src/core/components/Physics.cpp">
      </Unit>
      <Unit filename="/home/ladis/Projects/Poles/src/core/components/Position.cpp">
      </Unit>
      <Unit filename="/home/ladis/Projects/Poles/src/core/components/Renderer.cpp">
      </Unit>
      <Unit filename="/home/ladis/Projects/Poles/src/core/components/SpriteRenderer.cpp">
      </Unit>
      <Unit filename="/home/ladis/Projects/Poles/src/core/components/TextRenderer.cpp">
      </Unit>
      <Unit filename="/home/ladis/Projects/Poles/src/core/components/Velocity.cpp">
      </Unit>
      <Unit filename="/home/ladis/Projects/Poles/src/core/systems/MovementSystem.cpp">
      </Unit>
      <Unit filename="/home/ladis/Projects/Poles/src/core/systems/RenderingSystem.cpp">
      </Unit>
      <Unit filename="/home/ladis/Projects/Poles/src/core/systems/TextRenderingSystem.cpp">
      </Unit>
      <Unit filename="/home/ladis/Projects/Poles/src/game/EventListener.cpp">
      </Unit>
      <Unit filename="/home/ladis/Projects/Poles/src/game/Game.cpp">
      </Unit>
      <Unit filename="/home/ladis/Projects/Poles/src/game/GameState.cpp">
      </Unit>
      <Unit filename="/home/ladis/Projects/Poles/src/game/GameStateManager.cpp">
      </Unit>
      <Unit filename="/home/ladis/Projects/Poles/src/game/states/DebugState.cpp">
      </Unit>
      <Unit filename="/home/ladis/Projects/Poles/src/game/states/IntroState.cpp">
      </Unit>
      <Unit filename="/home/ladis/Projects/Poles/src/game/states/ParallaxTest.cpp">
      </Unit>
      <Unit filename="/home/ladis/Projects/Poles/src/main.cpp">
      </Unit>
      <Unit filename="/home/ladis/Projects/Poles/src/core/CollisionBox.h">
      </Unit>
      <Unit filename="/home/ladis/Projects/Poles/src/core/Color.h">
      </Unit>
      <Unit filename="/home/ladis/Projects/Poles/src/core/GameObject.h">
      </Unit>
      <Unit filename="/home/ladis/Projects/Poles/src/core/ResourceManager.h">
      </Unit>
      <Unit filename="/home/ladis/Projects/Poles/src/core/SpriteAnimation.h">
      </Unit>
      <Unit filename="/home/ladis/Projects/Poles/src/core/SpriteSheet.h">
      </Unit>
      <Unit filename="/home/ladis/Projects/Poles/src/core/Vector2D.h">
      </Unit>
      <Unit filename="/home/ladis/Projects/Poles/src/core/components/Camera.h">
      </Unit>
      <Unit filename="/home/ladis/Projects/Poles/src/core/components/Physics.h">
      </Unit>
      <Unit filename="/home/ladis/Projects/Poles/src/core/components/Position.h">
      </Unit>
      <Unit filename="/home/ladis/Projects/Poles/src/core/components/Renderer.h">
      </Unit>
      <Unit filename="/home/ladis/Projects/Poles/src/core/components/SpriteRenderer.h">
      </Unit>
      <Unit filename="/home/ladis/Projects/Poles/src/core/components/TextRenderer.h">
      </Unit>
      <Unit filename="/home/ladis/Projects/Poles/src/core/components/Velocity.h">
      </Unit>
      <Unit filename="/home/ladis/Projects/Poles/src/core/systems/MovementSystem.h">
      </Unit>
      <Unit filename="/home/ladis/Projects/Poles/src/core/systems/RenderingSystem.h">
      </Unit>
      <Unit filename="/home/ladis/Projects/Poles/src/core/systems/TextRenderingSystem.h">
      </Unit>
      <Unit filename="/home/ladis/Projects/Poles/src/game/EventListener.h">
      </Unit>
      <Unit filename="/home/ladis/Projects/Poles/src/game/Game.h">
      </Unit>
      <Unit filename="/home/ladis/Projects/Poles/src/game/GameState.h">
      </Unit>
      <Unit filename="/home/ladis/Projects/Poles/src/game/GameStateManager.h">
      </Unit>
      <Unit filename="/home/ladis/Projects/Poles/src/game/states/DebugState.h">
      </Unit>
      <Unit filename="/home/ladis/Projects/Poles/src/game/states/IntroState.h">
      </Unit>
      <Unit filename="/home/ladis/Projects/Poles/src/game/states/ParallaxTest.h">
      </Unit>
      <Unit filename="/home/ladis/Projects/Poles/CMakeLists.txt">
          <Option virtualFolder="CMake Files\" />
      </Unit>
   </Project>
</CodeBlocks_project_file>
