// !$*UTF8*$!
{
	archiveVersion = 1;
	classes = {
	};
	objectVersion = 46;
	objects = {

/* Begin PBXBuildFile section */
		22A7ACC7176DDBBE00C5B49F /* Game.cpp in Sources */ = {isa = PBXBuildFile; fileRef = 22A7ACC3176DDBBE00C5B49F /* Game.cpp */; };
		22A7ACC8176DDBBE00C5B49F /* GameStateManager.cpp in Sources */ = {isa = PBXBuildFile; fileRef = 22A7ACC5176DDBBE00C5B49F /* GameStateManager.cpp */; };
		22A7ACD0176DDBEF00C5B49F /* Circle.cpp in Sources */ = {isa = PBXBuildFile; fileRef = 22A7ACC9176DDBEF00C5B49F /* Circle.cpp */; };
		22A7ACD1176DDBEF00C5B49F /* Color.cpp in Sources */ = {isa = PBXBuildFile; fileRef = 22A7ACCB176DDBEF00C5B49F /* Color.cpp */; };
		22A7ACD2176DDBEF00C5B49F /* Line.cpp in Sources */ = {isa = PBXBuildFile; fileRef = 22A7ACCE176DDBEF00C5B49F /* Line.cpp */; };
		88C366BD176DD081009FE814 /* Cocoa.framework in Frameworks */ = {isa = PBXBuildFile; fileRef = 88C366BC176DD081009FE814 /* Cocoa.framework */; };
		88C366C7176DD081009FE814 /* InfoPlist.strings in Resources */ = {isa = PBXBuildFile; fileRef = 88C366C5176DD081009FE814 /* InfoPlist.strings */; };
		88C366DA176DD45A009FE814 /* SDL2.framework in Frameworks */ = {isa = PBXBuildFile; fileRef = 88C366D9176DD45A009FE814 /* SDL2.framework */; };
		88C366E0176DD84B009FE814 /* ResourcesManager.cpp in Sources */ = {isa = PBXBuildFile; fileRef = 88C366DC176DD84B009FE814 /* ResourcesManager.cpp */; };
		88C366E1176DD84B009FE814 /* Vector2D.cpp in Sources */ = {isa = PBXBuildFile; fileRef = 88C366DE176DD84B009FE814 /* Vector2D.cpp */; };
		88C366E3176DD89A009FE814 /* main.cpp in Sources */ = {isa = PBXBuildFile; fileRef = 88C366E2176DD89A009FE814 /* main.cpp */; };
/* End PBXBuildFile section */

/* Begin PBXFileReference section */
		22A7ACC3176DDBBE00C5B49F /* Game.cpp */ = {isa = PBXFileReference; fileEncoding = 4; lastKnownFileType = sourcecode.cpp.cpp; path = Game.cpp; sourceTree = "<group>"; };
		22A7ACC4176DDBBE00C5B49F /* Game.h */ = {isa = PBXFileReference; fileEncoding = 4; lastKnownFileType = sourcecode.c.h; path = Game.h; sourceTree = "<group>"; };
		22A7ACC5176DDBBE00C5B49F /* GameStateManager.cpp */ = {isa = PBXFileReference; fileEncoding = 4; lastKnownFileType = sourcecode.cpp.cpp; path = GameStateManager.cpp; sourceTree = "<group>"; };
		22A7ACC6176DDBBE00C5B49F /* GameStateManager.h */ = {isa = PBXFileReference; fileEncoding = 4; lastKnownFileType = sourcecode.c.h; path = GameStateManager.h; sourceTree = "<group>"; };
		22A7ACC9176DDBEF00C5B49F /* Circle.cpp */ = {isa = PBXFileReference; fileEncoding = 4; lastKnownFileType = sourcecode.cpp.cpp; path = Circle.cpp; sourceTree = "<group>"; };
		22A7ACCA176DDBEF00C5B49F /* Circle.h */ = {isa = PBXFileReference; fileEncoding = 4; lastKnownFileType = sourcecode.c.h; path = Circle.h; sourceTree = "<group>"; };
		22A7ACCB176DDBEF00C5B49F /* Color.cpp */ = {isa = PBXFileReference; fileEncoding = 4; lastKnownFileType = sourcecode.cpp.cpp; path = Color.cpp; sourceTree = "<group>"; };
		22A7ACCC176DDBEF00C5B49F /* Color.h */ = {isa = PBXFileReference; fileEncoding = 4; lastKnownFileType = sourcecode.c.h; path = Color.h; sourceTree = "<group>"; };
		22A7ACCD176DDBEF00C5B49F /* ExtraTools.h */ = {isa = PBXFileReference; fileEncoding = 4; lastKnownFileType = sourcecode.c.h; path = ExtraTools.h; sourceTree = "<group>"; };
		22A7ACCE176DDBEF00C5B49F /* Line.cpp */ = {isa = PBXFileReference; fileEncoding = 4; lastKnownFileType = sourcecode.cpp.cpp; path = Line.cpp; sourceTree = "<group>"; };
		22A7ACCF176DDBEF00C5B49F /* Line.h */ = {isa = PBXFileReference; fileEncoding = 4; lastKnownFileType = sourcecode.c.h; path = Line.h; sourceTree = "<group>"; };
		88C366B9176DD081009FE814 /* Poles.app */ = {isa = PBXFileReference; explicitFileType = wrapper.application; includeInIndex = 0; path = Poles.app; sourceTree = BUILT_PRODUCTS_DIR; };
		88C366BC176DD081009FE814 /* Cocoa.framework */ = {isa = PBXFileReference; lastKnownFileType = wrapper.framework; name = Cocoa.framework; path = System/Library/Frameworks/Cocoa.framework; sourceTree = SDKROOT; };
		88C366BF176DD081009FE814 /* AppKit.framework */ = {isa = PBXFileReference; lastKnownFileType = wrapper.framework; name = AppKit.framework; path = System/Library/Frameworks/AppKit.framework; sourceTree = SDKROOT; };
		88C366C0176DD081009FE814 /* CoreData.framework */ = {isa = PBXFileReference; lastKnownFileType = wrapper.framework; name = CoreData.framework; path = System/Library/Frameworks/CoreData.framework; sourceTree = SDKROOT; };
		88C366C1176DD081009FE814 /* Foundation.framework */ = {isa = PBXFileReference; lastKnownFileType = wrapper.framework; name = Foundation.framework; path = System/Library/Frameworks/Foundation.framework; sourceTree = SDKROOT; };
		88C366C4176DD081009FE814 /* Poles-Info.plist */ = {isa = PBXFileReference; lastKnownFileType = text.plist.xml; path = "Poles-Info.plist"; sourceTree = "<group>"; };
		88C366C6176DD081009FE814 /* en */ = {isa = PBXFileReference; lastKnownFileType = text.plist.strings; name = en; path = en.lproj/InfoPlist.strings; sourceTree = "<group>"; };
		88C366CA176DD081009FE814 /* Poles-Prefix.pch */ = {isa = PBXFileReference; lastKnownFileType = sourcecode.c.h; path = "Poles-Prefix.pch"; sourceTree = "<group>"; };
		88C366D9176DD45A009FE814 /* SDL2.framework */ = {isa = PBXFileReference; lastKnownFileType = wrapper.framework; name = SDL2.framework; path = SDL/SDL2.framework; sourceTree = "<group>"; };
		88C366DC176DD84B009FE814 /* ResourcesManager.cpp */ = {isa = PBXFileReference; fileEncoding = 4; lastKnownFileType = sourcecode.cpp.cpp; path = ResourcesManager.cpp; sourceTree = "<group>"; };
		88C366DD176DD84B009FE814 /* ResourcesManager.h */ = {isa = PBXFileReference; fileEncoding = 4; lastKnownFileType = sourcecode.c.h; path = ResourcesManager.h; sourceTree = "<group>"; };
		88C366DE176DD84B009FE814 /* Vector2D.cpp */ = {isa = PBXFileReference; fileEncoding = 4; lastKnownFileType = sourcecode.cpp.cpp; path = Vector2D.cpp; sourceTree = "<group>"; };
		88C366DF176DD84B009FE814 /* Vector2D.h */ = {isa = PBXFileReference; fileEncoding = 4; lastKnownFileType = sourcecode.c.h; path = Vector2D.h; sourceTree = "<group>"; };
		88C366E2176DD89A009FE814 /* main.cpp */ = {isa = PBXFileReference; fileEncoding = 4; lastKnownFileType = sourcecode.cpp.cpp; name = main.cpp; path = ../../../src/main.cpp; sourceTree = "<group>"; };
/* End PBXFileReference section */

/* Begin PBXFrameworksBuildPhase section */
		88C366B6176DD081009FE814 /* Frameworks */ = {
			isa = PBXFrameworksBuildPhase;
			buildActionMask = 2147483647;
			files = (
				88C366DA176DD45A009FE814 /* SDL2.framework in Frameworks */,
				88C366BD176DD081009FE814 /* Cocoa.framework in Frameworks */,
			);
			runOnlyForDeploymentPostprocessing = 0;
		};
/* End PBXFrameworksBuildPhase section */

/* Begin PBXGroup section */
		22A7ACC2176DDBBE00C5B49F /* Game */ = {
			isa = PBXGroup;
			children = (
				22A7ACC3176DDBBE00C5B49F /* Game.cpp */,
				22A7ACC4176DDBBE00C5B49F /* Game.h */,
				22A7ACC5176DDBBE00C5B49F /* GameStateManager.cpp */,
				22A7ACC6176DDBBE00C5B49F /* GameStateManager.h */,
			);
			name = Game;
			path = ../../src/game;
			sourceTree = "<group>";
		};
		88C366B0176DD081009FE814 = {
			isa = PBXGroup;
			children = (
				22A7ACC2176DDBBE00C5B49F /* Game */,
				88C366DB176DD84B009FE814 /* Core */,
				88C366C2176DD081009FE814 /* Poles */,
				88C366BB176DD081009FE814 /* Frameworks */,
				88C366BA176DD081009FE814 /* Products */,
			);
			sourceTree = "<group>";
		};
		88C366BA176DD081009FE814 /* Products */ = {
			isa = PBXGroup;
			children = (
				88C366B9176DD081009FE814 /* Poles.app */,
			);
			name = Products;
			sourceTree = "<group>";
		};
		88C366BB176DD081009FE814 /* Frameworks */ = {
			isa = PBXGroup;
			children = (
				88C366D9176DD45A009FE814 /* SDL2.framework */,
				88C366BC176DD081009FE814 /* Cocoa.framework */,
				88C366BE176DD081009FE814 /* Other Frameworks */,
			);
			name = Frameworks;
			sourceTree = "<group>";
		};
		88C366BE176DD081009FE814 /* Other Frameworks */ = {
			isa = PBXGroup;
			children = (
				88C366BF176DD081009FE814 /* AppKit.framework */,
				88C366C0176DD081009FE814 /* CoreData.framework */,
				88C366C1176DD081009FE814 /* Foundation.framework */,
			);
			name = "Other Frameworks";
			sourceTree = "<group>";
		};
		88C366C2176DD081009FE814 /* Poles */ = {
			isa = PBXGroup;
			children = (
				88C366E2176DD89A009FE814 /* main.cpp */,
				88C366C3176DD081009FE814 /* Supporting Files */,
			);
			path = Poles;
			sourceTree = "<group>";
		};
		88C366C3176DD081009FE814 /* Supporting Files */ = {
			isa = PBXGroup;
			children = (
				88C366C4176DD081009FE814 /* Poles-Info.plist */,
				88C366C5176DD081009FE814 /* InfoPlist.strings */,
				88C366CA176DD081009FE814 /* Poles-Prefix.pch */,
			);
			name = "Supporting Files";
			sourceTree = "<group>";
		};
		88C366DB176DD84B009FE814 /* Core */ = {
			isa = PBXGroup;
			children = (
				22A7ACC9176DDBEF00C5B49F /* Circle.cpp */,
				22A7ACCA176DDBEF00C5B49F /* Circle.h */,
				22A7ACCB176DDBEF00C5B49F /* Color.cpp */,
				22A7ACCC176DDBEF00C5B49F /* Color.h */,
				22A7ACCD176DDBEF00C5B49F /* ExtraTools.h */,
				22A7ACCE176DDBEF00C5B49F /* Line.cpp */,
				22A7ACCF176DDBEF00C5B49F /* Line.h */,
				88C366DC176DD84B009FE814 /* ResourcesManager.cpp */,
				88C366DD176DD84B009FE814 /* ResourcesManager.h */,
				88C366DE176DD84B009FE814 /* Vector2D.cpp */,
				88C366DF176DD84B009FE814 /* Vector2D.h */,
			);
			name = Core;
			path = ../../src/engine;
			sourceTree = "<group>";
		};
/* End PBXGroup section */

/* Begin PBXNativeTarget section */
		88C366B8176DD081009FE814 /* Poles */ = {
			isa = PBXNativeTarget;
			buildConfigurationList = 88C366D6176DD081009FE814 /* Build configuration list for PBXNativeTarget "Poles" */;
			buildPhases = (
				88C366B5176DD081009FE814 /* Sources */,
				88C366B6176DD081009FE814 /* Frameworks */,
				88C366B7176DD081009FE814 /* Resources */,
			);
			buildRules = (
			);
			dependencies = (
			);
			name = Poles;
			productName = Poles;
			productReference = 88C366B9176DD081009FE814 /* Poles.app */;
			productType = "com.apple.product-type.application";
		};
/* End PBXNativeTarget section */

/* Begin PBXProject section */
		88C366B1176DD081009FE814 /* Project object */ = {
			isa = PBXProject;
			attributes = {
				LastUpgradeCheck = 0460;
			};
			buildConfigurationList = 88C366B4176DD081009FE814 /* Build configuration list for PBXProject "Poles" */;
			compatibilityVersion = "Xcode 3.2";
			developmentRegion = English;
			hasScannedForEncodings = 0;
			knownRegions = (
				en,
			);
			mainGroup = 88C366B0176DD081009FE814;
			productRefGroup = 88C366BA176DD081009FE814 /* Products */;
			projectDirPath = "";
			projectRoot = "";
			targets = (
				88C366B8176DD081009FE814 /* Poles */,
			);
		};
/* End PBXProject section */

/* Begin PBXResourcesBuildPhase section */
		88C366B7176DD081009FE814 /* Resources */ = {
			isa = PBXResourcesBuildPhase;
			buildActionMask = 2147483647;
			files = (
				88C366C7176DD081009FE814 /* InfoPlist.strings in Resources */,
			);
			runOnlyForDeploymentPostprocessing = 0;
		};
/* End PBXResourcesBuildPhase section */

/* Begin PBXSourcesBuildPhase section */
		88C366B5176DD081009FE814 /* Sources */ = {
			isa = PBXSourcesBuildPhase;
			buildActionMask = 2147483647;
			files = (
				88C366E0176DD84B009FE814 /* ResourcesManager.cpp in Sources */,
				88C366E1176DD84B009FE814 /* Vector2D.cpp in Sources */,
				88C366E3176DD89A009FE814 /* main.cpp in Sources */,
				22A7ACC7176DDBBE00C5B49F /* Game.cpp in Sources */,
				22A7ACC8176DDBBE00C5B49F /* GameStateManager.cpp in Sources */,
				22A7ACD0176DDBEF00C5B49F /* Circle.cpp in Sources */,
				22A7ACD1176DDBEF00C5B49F /* Color.cpp in Sources */,
				22A7ACD2176DDBEF00C5B49F /* Line.cpp in Sources */,
			);
			runOnlyForDeploymentPostprocessing = 0;
		};
/* End PBXSourcesBuildPhase section */

/* Begin PBXVariantGroup section */
		88C366C5176DD081009FE814 /* InfoPlist.strings */ = {
			isa = PBXVariantGroup;
			children = (
				88C366C6176DD081009FE814 /* en */,
			);
			name = InfoPlist.strings;
			sourceTree = "<group>";
		};
/* End PBXVariantGroup section */

/* Begin XCBuildConfiguration section */
		88C366D4176DD081009FE814 /* Debug */ = {
			isa = XCBuildConfiguration;
			buildSettings = {
				ALWAYS_SEARCH_USER_PATHS = NO;
				ARCHS = "$(ARCHS_STANDARD_64_BIT)";
				CLANG_CXX_LANGUAGE_STANDARD = "gnu++0x";
				CLANG_CXX_LIBRARY = "libc++";
				CLANG_WARN_CONSTANT_CONVERSION = YES;
				CLANG_WARN_EMPTY_BODY = YES;
				CLANG_WARN_ENUM_CONVERSION = YES;
				CLANG_WARN_INT_CONVERSION = YES;
				CLANG_WARN__DUPLICATE_METHOD_MATCH = YES;
				COPY_PHASE_STRIP = NO;
				GCC_C_LANGUAGE_STANDARD = gnu99;
				GCC_DYNAMIC_NO_PIC = NO;
				GCC_ENABLE_OBJC_EXCEPTIONS = YES;
				GCC_OPTIMIZATION_LEVEL = 0;
				GCC_PREPROCESSOR_DEFINITIONS = (
					"DEBUG=1",
					"$(inherited)",
				);
				GCC_SYMBOLS_PRIVATE_EXTERN = NO;
				GCC_WARN_64_TO_32_BIT_CONVERSION = YES;
				GCC_WARN_ABOUT_RETURN_TYPE = YES;
				GCC_WARN_UNINITIALIZED_AUTOS = YES;
				GCC_WARN_UNUSED_VARIABLE = YES;
				MACOSX_DEPLOYMENT_TARGET = 10.8;
				ONLY_ACTIVE_ARCH = YES;
				SDKROOT = macosx;
			};
			name = Debug;
		};
		88C366D5176DD081009FE814 /* Release */ = {
			isa = XCBuildConfiguration;
			buildSettings = {
				ALWAYS_SEARCH_USER_PATHS = NO;
				ARCHS = "$(ARCHS_STANDARD_64_BIT)";
				CLANG_CXX_LANGUAGE_STANDARD = "gnu++0x";
				CLANG_CXX_LIBRARY = "libc++";
				CLANG_WARN_CONSTANT_CONVERSION = YES;
				CLANG_WARN_EMPTY_BODY = YES;
				CLANG_WARN_ENUM_CONVERSION = YES;
				CLANG_WARN_INT_CONVERSION = YES;
				CLANG_WARN__DUPLICATE_METHOD_MATCH = YES;
				COPY_PHASE_STRIP = YES;
				DEBUG_INFORMATION_FORMAT = "dwarf-with-dsym";
				GCC_C_LANGUAGE_STANDARD = gnu99;
				GCC_ENABLE_OBJC_EXCEPTIONS = YES;
				GCC_WARN_64_TO_32_BIT_CONVERSION = YES;
				GCC_WARN_ABOUT_RETURN_TYPE = YES;
				GCC_WARN_UNINITIALIZED_AUTOS = YES;
				GCC_WARN_UNUSED_VARIABLE = YES;
				MACOSX_DEPLOYMENT_TARGET = 10.8;
				SDKROOT = macosx;
			};
			name = Release;
		};
		88C366D7176DD081009FE814 /* Debug */ = {
			isa = XCBuildConfiguration;
			buildSettings = {
				COMBINE_HIDPI_IMAGES = YES;
				FRAMEWORK_SEARCH_PATHS = (
					"$(inherited)",
					"\"$(SRCROOT)/SDL\"",
				);
				GCC_PRECOMPILE_PREFIX_HEADER = YES;
				GCC_PREFIX_HEADER = "Poles/Poles-Prefix.pch";
				HEADER_SEARCH_PATHS = (
					"../../src/**",
					"./SDL/SDL2.framework/Headers/**",
				);
				INFOPLIST_FILE = "Poles/Poles-Info.plist";
				PRODUCT_NAME = "$(TARGET_NAME)";
				WRAPPER_EXTENSION = app;
			};
			name = Debug;
		};
		88C366D8176DD081009FE814 /* Release */ = {
			isa = XCBuildConfiguration;
			buildSettings = {
				COMBINE_HIDPI_IMAGES = YES;
				FRAMEWORK_SEARCH_PATHS = (
					"$(inherited)",
					"\"$(SRCROOT)/SDL\"",
				);
				GCC_PRECOMPILE_PREFIX_HEADER = YES;
				GCC_PREFIX_HEADER = "Poles/Poles-Prefix.pch";
				HEADER_SEARCH_PATHS = (
					"../../src/**",
					"./SDL/SDL2.framework/Headers/**",
				);
				INFOPLIST_FILE = "Poles/Poles-Info.plist";
				PRODUCT_NAME = "$(TARGET_NAME)";
				WRAPPER_EXTENSION = app;
			};
			name = Release;
		};
/* End XCBuildConfiguration section */

/* Begin XCConfigurationList section */
		88C366B4176DD081009FE814 /* Build configuration list for PBXProject "Poles" */ = {
			isa = XCConfigurationList;
			buildConfigurations = (
				88C366D4176DD081009FE814 /* Debug */,
				88C366D5176DD081009FE814 /* Release */,
			);
			defaultConfigurationIsVisible = 0;
			defaultConfigurationName = Release;
		};
		88C366D6176DD081009FE814 /* Build configuration list for PBXNativeTarget "Poles" */ = {
			isa = XCConfigurationList;
			buildConfigurations = (
				88C366D7176DD081009FE814 /* Debug */,
				88C366D8176DD081009FE814 /* Release */,
			);
			defaultConfigurationIsVisible = 0;
			defaultConfigurationName = Release;
		};
/* End XCConfigurationList section */
	};
	rootObject = 88C366B1176DD081009FE814 /* Project object */;
}
